
Microsoft Visual Studio Solution File, Format Version 12.00
# Visual Studio Version 17
VisualStudioVersion = 17.8.34330.188
MinimumVisualStudioVersion = 10.0.40219.1
Project("{9A19103F-16F7-4668-BE54-9A1E7A4F7556}") = "ICT302-BackendAPI", "ICT302-BackendAPI\ICT302-BackendAPI.csproj", "{D60B271C-849F-4032-A882-B443A171F222}"
EndProject
Project("{FAE04EC0-301F-11D3-BF4B-00C04F79EFBC}") = "ICT302-BackendAPI.Database", "ICT302-BackendAPI.Database\ICT302-BackendAPI.Database.csproj", "{1E701FB2-4AD5-4011-AF70-377ED4DAFEC8}"
EndProject
Project("{FAE04EC0-301F-11D3-BF4B-00C04F79EFBC}") = "ICT302-BackendAPI.API", "ICT302-BackendAPI.API\ICT302-BackendAPI.API.csproj", "{CD6B23BD-B024-4889-9AEA-7D967A714FE8}"
EndProject
Global
	GlobalSection(SolutionConfigurationPlatforms) = preSolution
		Debug|Any CPU = Debug|Any CPU
		Release|Any CPU = Release|Any CPU
	EndGlobalSection
	GlobalSection(ProjectConfigurationPlatforms) = postSolution
		{D60B271C-849F-4032-A882-B443A171F222}.Debug|Any CPU.ActiveCfg = Debug|Any CPU
		{D60B271C-849F-4032-A882-B443A171F222}.Debug|Any CPU.Build.0 = Debug|Any CPU
		{D60B271C-849F-4032-A882-B443A171F222}.Release|Any CPU.ActiveCfg = Release|Any CPU
		{D60B271C-849F-4032-A882-B443A171F222}.Release|Any CPU.Build.0 = Release|Any CPU
		{1E701FB2-4AD5-4011-AF70-377ED4DAFEC8}.Debug|Any CPU.ActiveCfg = Debug|Any CPU
		{1E701FB2-4AD5-4011-AF70-377ED4DAFEC8}.Debug|Any CPU.Build.0 = Debug|Any CPU
		{1E701FB2-4AD5-4011-AF70-377ED4DAFEC8}.Release|Any CPU.ActiveCfg = Release|Any CPU
		{1E701FB2-4AD5-4011-AF70-377ED4DAFEC8}.Release|Any CPU.Build.0 = Release|Any CPU
		{CD6B23BD-B024-4889-9AEA-7D967A714FE8}.Debug|Any CPU.ActiveCfg = Debug|Any CPU
		{CD6B23BD-B024-4889-9AEA-7D967A714FE8}.Debug|Any CPU.Build.0 = Debug|Any CPU
		{CD6B23BD-B024-4889-9AEA-7D967A714FE8}.Release|Any CPU.ActiveCfg = Release|Any CPU
		{CD6B23BD-B024-4889-9AEA-7D967A714FE8}.Release|Any CPU.Build.0 = Release|Any CPU
	EndGlobalSection
	GlobalSection(SolutionProperties) = preSolution
		HideSolutionNode = FALSE
	EndGlobalSection
	GlobalSection(ExtensibilityGlobals) = postSolution
		SolutionGuid = {7CEA95AF-CBB2-4BFC-A9BA-53BECD834B5D}
	EndGlobalSection
EndGlobal
